
Microsoft Visual Studio Solution File, Format Version 12.00
# Visual Studio Version 17
VisualStudioVersion = 17.0.32002.185
MinimumVisualStudioVersion = 10.0.40219.1
Project("{FAE04EC0-301F-11D3-BF4B-00C04F79EFBC}") = "UAS_OOP__1204019", "UAS_OOP__1204019\UAS_OOP__1204019.csproj", "{DDDA082C-22DB-448A-9900-6F64C64ECE7F}"
EndProject
Global
	GlobalSection(SolutionConfigurationPlatforms) = preSolution
		Debug|Any CPU = Debug|Any CPU
		Release|Any CPU = Release|Any CPU
	EndGlobalSection
	GlobalSection(ProjectConfigurationPlatforms) = postSolution
		{DDDA082C-22DB-448A-9900-6F64C64ECE7F}.Debug|Any CPU.ActiveCfg = Debug|Any CPU
		{DDDA082C-22DB-448A-9900-6F64C64ECE7F}.Debug|Any CPU.Build.0 = Debug|Any CPU
		{DDDA082C-22DB-448A-9900-6F64C64ECE7F}.Release|Any CPU.ActiveCfg = Release|Any CPU
		{DDDA082C-22DB-448A-9900-6F64C64ECE7F}.Release|Any CPU.Build.0 = Release|Any CPU
	EndGlobalSection
	GlobalSection(SolutionProperties) = preSolution
		HideSolutionNode = FALSE
	EndGlobalSection
	GlobalSection(ExtensibilityGlobals) = postSolution
		SolutionGuid = {354BCF2B-B4A0-423C-90CD-563393E403A3}
	EndGlobalSection
EndGlobal
